
Microsoft Visual Studio Solution File, Format Version 11.00
# Visual Studio 2010
Project("{FAE04EC0-301F-11D3-BF4B-00C04F79EFBC}") = "Assembly-CSharp", "Assembly-CSharp.csproj", "{2C96E9E5-31FB-09E0-6D6E-380C8B35DEAE}"
EndProject
Global
	GlobalSection(SolutionConfigurationPlatforms) = preSolution
		Debug|Any CPU = Debug|Any CPU
		Release|Any CPU = Release|Any CPU
	EndGlobalSection
	GlobalSection(ProjectConfigurationPlatforms) = postSolution
		{2C96E9E5-31FB-09E0-6D6E-380C8B35DEAE}.Debug|Any CPU.ActiveCfg = Debug|Any CPU
		{2C96E9E5-31FB-09E0-6D6E-380C8B35DEAE}.Debug|Any CPU.Build.0 = Debug|Any CPU
		{2C96E9E5-31FB-09E0-6D6E-380C8B35DEAE}.Release|Any CPU.ActiveCfg = Release|Any CPU
		{2C96E9E5-31FB-09E0-6D6E-380C8B35DEAE}.Release|Any CPU.Build.0 = Release|Any CPU
	EndGlobalSection
	GlobalSection(SolutionProperties) = preSolution
		HideSolutionNode = FALSE
	EndGlobalSection
	GlobalSection(MonoDevelopProperties) = preSolution
		StartupItem = Assembly-CSharp.csproj
	EndGlobalSection
EndGlobal
